
Microsoft Visual Studio Solution File, Format Version 12.00
# Visual Studio 15
VisualStudioVersion = 15.0.28010.2041
MinimumVisualStudioVersion = 10.0.40219.1
Project("{FAE04EC0-301F-11D3-BF4B-00C04F79EFBC}") = "TeamCalendarApp", "TeamCalendarApp\TeamCalendarApp.csproj", "{EEF6405B-F00F-4914-866D-6542BF08ABC8}"
EndProject
Global
	GlobalSection(SolutionConfigurationPlatforms) = preSolution
		Debug|Any CPU = Debug|Any CPU
		Release|Any CPU = Release|Any CPU
	EndGlobalSection
	GlobalSection(ProjectConfigurationPlatforms) = postSolution
		{EEF6405B-F00F-4914-866D-6542BF08ABC8}.Debug|Any CPU.ActiveCfg = Debug|Any CPU
		{EEF6405B-F00F-4914-866D-6542BF08ABC8}.Debug|Any CPU.Build.0 = Debug|Any CPU
		{EEF6405B-F00F-4914-866D-6542BF08ABC8}.Release|Any CPU.ActiveCfg = Release|Any CPU
		{EEF6405B-F00F-4914-866D-6542BF08ABC8}.Release|Any CPU.Build.0 = Release|Any CPU
	EndGlobalSection
	GlobalSection(SolutionProperties) = preSolution
		HideSolutionNode = FALSE
	EndGlobalSection
	GlobalSection(ExtensibilityGlobals) = postSolution
		SolutionGuid = {7B1BA1C5-A4A7-4ACB-863E-B60A9EA2523A}
	EndGlobalSection
EndGlobal
